
Microsoft Visual Studio Solution File, Format Version 12.00
# Visual Studio 15
VisualStudioVersion = 15.0.28307.1913
MinimumVisualStudioVersion = 10.0.40219.1
Project("{FAE04EC0-301F-11D3-BF4B-00C04F79EFBC}") = "ChatWPF", "ChatWPF\ChatWPF.csproj", "{BD77FCE9-F91F-408C-BCA1-0DC17CC09B24}"
EndProject
Global
	GlobalSection(SolutionConfigurationPlatforms) = preSolution
		Debug|Any CPU = Debug|Any CPU
		Release|Any CPU = Release|Any CPU
	EndGlobalSection
	GlobalSection(ProjectConfigurationPlatforms) = postSolution
		{BD77FCE9-F91F-408C-BCA1-0DC17CC09B24}.Debug|Any CPU.ActiveCfg = Debug|Any CPU
		{BD77FCE9-F91F-408C-BCA1-0DC17CC09B24}.Debug|Any CPU.Build.0 = Debug|Any CPU
		{BD77FCE9-F91F-408C-BCA1-0DC17CC09B24}.Release|Any CPU.ActiveCfg = Release|Any CPU
		{BD77FCE9-F91F-408C-BCA1-0DC17CC09B24}.Release|Any CPU.Build.0 = Release|Any CPU
	EndGlobalSection
	GlobalSection(SolutionProperties) = preSolution
		HideSolutionNode = FALSE
	EndGlobalSection
	GlobalSection(ExtensibilityGlobals) = postSolution
		SolutionGuid = {D02C7372-69C4-4B5F-937B-C7CA1F038AED}
	EndGlobalSection
EndGlobal
